
Microsoft Visual Studio Solution File, Format Version 11.00
# Visual Studio 2010
Project("{FAE04EC0-301F-11D3-BF4B-00C04F79EFBC}") = "TwitterStudio", "TwitterStudio\TwitterStudio.csproj", "{2C5733B2-9A10-42D9-A72F-47271149F7AB}"
EndProject
Project("{FAE04EC0-301F-11D3-BF4B-00C04F79EFBC}") = "TwitterStudio_IntegrationTests", "TwitterStudio\TwitterStudio_IntegrationTests\TwitterStudio_IntegrationTests.csproj", "{C3C4A7B1-70CE-45D3-B02F-B331D33E7D11}"
EndProject
Project("{2150E333-8FDC-42A3-9474-1A3956D46DE8}") = "Solution Items", "Solution Items", "{05953E12-1A47-4BBD-A204-FCA211F66941}"
	ProjectSection(SolutionItems) = preProject
		IntegrationTests.testsettings = IntegrationTests.testsettings
		UnitTests.testsettings = UnitTests.testsettings
	EndProjectSection
EndProject
Project("{FAE04EC0-301F-11D3-BF4B-00C04F79EFBC}") = "TwitterStudio_UnitTests", "TwitterStudio\TwitterStudio_UnitTests\TwitterStudio_UnitTests.csproj", "{6021EA12-8E79-4390-A7C4-ECC245B65928}"
EndProject
Project("{FAE04EC0-301F-11D3-BF4B-00C04F79EFBC}") = "TwitterStudio.Domain", "TwitterStudio.Domain\TwitterStudio.Domain.csproj", "{163E9CAA-3F02-459C-8760-96C627390C54}"
EndProject
Project("{FAE04EC0-301F-11D3-BF4B-00C04F79EFBC}") = "TiwtterStudio.Imp", "TiwtterStudio.Imp\TiwtterStudio.Imp.csproj", "{0A5D8A18-DF3C-437A-B3FE-EAAAEC834D7A}"
EndProject
Global
	GlobalSection(SolutionConfigurationPlatforms) = preSolution
		Debug|Any CPU = Debug|Any CPU
		Release|Any CPU = Release|Any CPU
	EndGlobalSection
	GlobalSection(ProjectConfigurationPlatforms) = postSolution
		{2C5733B2-9A10-42D9-A72F-47271149F7AB}.Debug|Any CPU.ActiveCfg = Debug|Any CPU
		{2C5733B2-9A10-42D9-A72F-47271149F7AB}.Debug|Any CPU.Build.0 = Debug|Any CPU
		{2C5733B2-9A10-42D9-A72F-47271149F7AB}.Release|Any CPU.ActiveCfg = Release|Any CPU
		{2C5733B2-9A10-42D9-A72F-47271149F7AB}.Release|Any CPU.Build.0 = Release|Any CPU
		{C3C4A7B1-70CE-45D3-B02F-B331D33E7D11}.Debug|Any CPU.ActiveCfg = Debug|Any CPU
		{C3C4A7B1-70CE-45D3-B02F-B331D33E7D11}.Debug|Any CPU.Build.0 = Debug|Any CPU
		{C3C4A7B1-70CE-45D3-B02F-B331D33E7D11}.Release|Any CPU.ActiveCfg = Release|Any CPU
		{C3C4A7B1-70CE-45D3-B02F-B331D33E7D11}.Release|Any CPU.Build.0 = Release|Any CPU
		{6021EA12-8E79-4390-A7C4-ECC245B65928}.Debug|Any CPU.ActiveCfg = Debug|Any CPU
		{6021EA12-8E79-4390-A7C4-ECC245B65928}.Debug|Any CPU.Build.0 = Debug|Any CPU
		{6021EA12-8E79-4390-A7C4-ECC245B65928}.Release|Any CPU.ActiveCfg = Release|Any CPU
		{6021EA12-8E79-4390-A7C4-ECC245B65928}.Release|Any CPU.Build.0 = Release|Any CPU
		{163E9CAA-3F02-459C-8760-96C627390C54}.Debug|Any CPU.ActiveCfg = Debug|Any CPU
		{163E9CAA-3F02-459C-8760-96C627390C54}.Debug|Any CPU.Build.0 = Debug|Any CPU
		{163E9CAA-3F02-459C-8760-96C627390C54}.Release|Any CPU.ActiveCfg = Release|Any CPU
		{163E9CAA-3F02-459C-8760-96C627390C54}.Release|Any CPU.Build.0 = Release|Any CPU
		{0A5D8A18-DF3C-437A-B3FE-EAAAEC834D7A}.Debug|Any CPU.ActiveCfg = Debug|Any CPU
		{0A5D8A18-DF3C-437A-B3FE-EAAAEC834D7A}.Debug|Any CPU.Build.0 = Debug|Any CPU
		{0A5D8A18-DF3C-437A-B3FE-EAAAEC834D7A}.Release|Any CPU.ActiveCfg = Release|Any CPU
		{0A5D8A18-DF3C-437A-B3FE-EAAAEC834D7A}.Release|Any CPU.Build.0 = Release|Any CPU
	EndGlobalSection
	GlobalSection(SolutionProperties) = preSolution
		HideSolutionNode = FALSE
	EndGlobalSection
EndGlobal
